// !$*UTF8*$!
{
	archiveVersion = 1;
	classes = {
	};
	objectVersion = 55;
	objects = {

/* Begin PBXBuildFile section */
		3147C2FC29908D3A005D2EB5 /* AboutUs.swift in Sources */ = {isa = PBXBuildFile; fileRef = 3147C2FB29908D3A005D2EB5 /* AboutUs.swift */; };
		3147C2FF29908DB3005D2EB5 /* DefaultAboutUs.swift in Sources */ = {isa = PBXBuildFile; fileRef = 3147C2FE29908DB3005D2EB5 /* DefaultAboutUs.swift */; };
		3147C30129909186005D2EB5 /* HomeViewModelProviders.swift in Sources */ = {isa = PBXBuildFile; fileRef = 3147C30029909186005D2EB5 /* HomeViewModelProviders.swift */; };
		31966E2A29993FAA00321A93 /* UNUserNotificationCenter+Extension.swift in Sources */ = {isa = PBXBuildFile; fileRef = 31966E2929993FAA00321A93 /* UNUserNotificationCenter+Extension.swift */; };
		31966E2C2999411800321A93 /* PushNotificationModel.swift in Sources */ = {isa = PBXBuildFile; fileRef = 31966E2B2999411800321A93 /* PushNotificationModel.swift */; };
		3199A661299828CB002CFF91 /* LocalPushNotification.swift in Sources */ = {isa = PBXBuildFile; fileRef = 3199A660299828CB002CFF91 /* LocalPushNotification.swift */; };
		3199A66429982A0A002CFF91 /* PSLocalPushNotification.swift in Sources */ = {isa = PBXBuildFile; fileRef = 3199A66329982A0A002CFF91 /* PSLocalPushNotification.swift */; };
		3199A66629982C90002CFF91 /* AppDelegate+UserNotifications.swift in Sources */ = {isa = PBXBuildFile; fileRef = 3199A66529982C90002CFF91 /* AppDelegate+UserNotifications.swift */; };
		4B15571C296B746C001C8C7F /* CustomImageView.swift in Sources */ = {isa = PBXBuildFile; fileRef = 4B15571B296B746C001C8C7F /* CustomImageView.swift */; };
		4B15571E296B7B0D001C8C7F /* CustomButton.swift in Sources */ = {isa = PBXBuildFile; fileRef = 4B15571D296B7B0D001C8C7F /* CustomButton.swift */; };
		4B20FF97295697DB0038955D /* PoliServiceViewModel.swift in Sources */ = {isa = PBXBuildFile; fileRef = 4B20FF96295697DB0038955D /* PoliServiceViewModel.swift */; };
		4B20FF99295697F20038955D /* PoliServiceKeys.swift in Sources */ = {isa = PBXBuildFile; fileRef = 4B20FF98295697F20038955D /* PoliServiceKeys.swift */; };
		4B6F4B80295783CE00D67D79 /* FoundationPSTimer.swift in Sources */ = {isa = PBXBuildFile; fileRef = 4B6F4B7F295783CE00D67D79 /* FoundationPSTimer.swift */; };
		4B7AE5A5296B42160060AD41 /* HomeView.swift in Sources */ = {isa = PBXBuildFile; fileRef = 4B7AE5A4296B42160060AD41 /* HomeView.swift */; };
		4B7AE5AD296B46230060AD41 /* CustomLabel.swift in Sources */ = {isa = PBXBuildFile; fileRef = 4B7AE5AC296B46230060AD41 /* CustomLabel.swift */; };
		4B94CE76296B4D7700144E87 /* DescriptionView.swift in Sources */ = {isa = PBXBuildFile; fileRef = 4B94CE75296B4D7700144E87 /* DescriptionView.swift */; };
		4B94CE79296B50C500144E87 /* UIColor+Extension.swift in Sources */ = {isa = PBXBuildFile; fileRef = 4B94CE78296B50C500144E87 /* UIColor+Extension.swift */; };
		4B94CE7B296B52F700144E87 /* CustomDividerView.swift in Sources */ = {isa = PBXBuildFile; fileRef = 4B94CE7A296B52F700144E87 /* CustomDividerView.swift */; };
		4B94CE7D296B56B700144E87 /* LastServiceView.swift in Sources */ = {isa = PBXBuildFile; fileRef = 4B94CE7C296B56B700144E87 /* LastServiceView.swift */; };
		4BCB961D29565FF400B15A58 /* HomeViewModel.swift in Sources */ = {isa = PBXBuildFile; fileRef = 4BCB961C29565FF400B15A58 /* HomeViewModel.swift */; };
		4BCB961F2956602700B15A58 /* HomeViewModelProtocols.swift in Sources */ = {isa = PBXBuildFile; fileRef = 4BCB961E2956602700B15A58 /* HomeViewModelProtocols.swift */; };
		4BF27F24296BA24E0097637D /* SelectDateView.swift in Sources */ = {isa = PBXBuildFile; fileRef = 4BF27F23296BA24E0097637D /* SelectDateView.swift */; };
		4BF27F26296BA2A00097637D /* SelectServiceView.swift in Sources */ = {isa = PBXBuildFile; fileRef = 4BF27F25296BA2A00097637D /* SelectServiceView.swift */; };
		4BF27F28296BA9ED0097637D /* ServiceCollectionViewCell.swift in Sources */ = {isa = PBXBuildFile; fileRef = 4BF27F27296BA9ED0097637D /* ServiceCollectionViewCell.swift */; };
		4C30F0A829391842002C3068 /* SelectDateViewController.swift in Sources */ = {isa = PBXBuildFile; fileRef = 4C30F0A729391842002C3068 /* SelectDateViewController.swift */; };
		4C55034529379F3600699589 /* AppDelegate.swift in Sources */ = {isa = PBXBuildFile; fileRef = 4C55034429379F3600699589 /* AppDelegate.swift */; };
		4C55034929379F3600699589 /* HomeViewController.swift in Sources */ = {isa = PBXBuildFile; fileRef = 4C55034829379F3600699589 /* HomeViewController.swift */; };
		4C55034E29379F3900699589 /* Assets.xcassets in Resources */ = {isa = PBXBuildFile; fileRef = 4C55034D29379F3900699589 /* Assets.xcassets */; };
		4C55035129379F3900699589 /* LaunchScreen.storyboard in Resources */ = {isa = PBXBuildFile; fileRef = 4C55034F29379F3900699589 /* LaunchScreen.storyboard */; };
		4C5503592937D32A00699589 /* SelectPoliServiceViewController.swift in Sources */ = {isa = PBXBuildFile; fileRef = 4C5503582937D32A00699589 /* SelectPoliServiceViewController.swift */; };
		601B78532985BFF300BFAA98 /* PSMonth.swift in Sources */ = {isa = PBXBuildFile; fileRef = 601B78522985BFF300BFAA98 /* PSMonth.swift */; };
		601B78562985C4E900BFAA98 /* PoliServicesList.swift in Sources */ = {isa = PBXBuildFile; fileRef = 601B78552985C4E900BFAA98 /* PoliServicesList.swift */; };
		601B78582985C5A800BFAA98 /* PSError.swift in Sources */ = {isa = PBXBuildFile; fileRef = 601B78572985C5A800BFAA98 /* PSError.swift */; };
		601B785B2985C5F000BFAA98 /* RemotePoliServicesList.swift in Sources */ = {isa = PBXBuildFile; fileRef = 601B785A2985C5F000BFAA98 /* RemotePoliServicesList.swift */; };
		601B785D2985C84900BFAA98 /* HTTPGetClient.swift in Sources */ = {isa = PBXBuildFile; fileRef = 601B785C2985C84900BFAA98 /* HTTPGetClient.swift */; };
		601B78602985D10200BFAA98 /* URLSessionGetClient.swift in Sources */ = {isa = PBXBuildFile; fileRef = 601B785F2985D10200BFAA98 /* URLSessionGetClient.swift */; };
		607487AC2981E04500009F02 /* CurrentDate.swift in Sources */ = {isa = PBXBuildFile; fileRef = 607487AB2981E04500009F02 /* CurrentDate.swift */; };
		607487B12981E08900009F02 /* CurrentDateModel.swift in Sources */ = {isa = PBXBuildFile; fileRef = 607487B02981E08900009F02 /* CurrentDateModel.swift */; };
		607487B62981E1A000009F02 /* FoundationCurrentDate.swift in Sources */ = {isa = PBXBuildFile; fileRef = 607487B52981E1A000009F02 /* FoundationCurrentDate.swift */; };
		607487BF2981ED7600009F02 /* PoliServiceModel.swift in Sources */ = {isa = PBXBuildFile; fileRef = 607487BE2981ED7600009F02 /* PoliServiceModel.swift */; };
		60CA622F297CA9BD0056C56E /* URLSessionRequestAdapter.swift in Sources */ = {isa = PBXBuildFile; fileRef = 60CA622E297CA9BD0056C56E /* URLSessionRequestAdapter.swift */; };
		60CA6233297CA9F80056C56E /* HTTPMethod.swift in Sources */ = {isa = PBXBuildFile; fileRef = 60CA6232297CA9F80056C56E /* HTTPMethod.swift */; };
		60CA6237297CAAE80056C56E /* Data+Extension.swift in Sources */ = {isa = PBXBuildFile; fileRef = 60CA6236297CAAE80056C56E /* Data+Extension.swift */; };
		60CD8F432989E3C40031B375 /* PSLoading.swift in Sources */ = {isa = PBXBuildFile; fileRef = 60CD8F422989E3C40031B375 /* PSLoading.swift */; };
		60CD8F482989E7120031B375 /* PSViewController.swift in Sources */ = {isa = PBXBuildFile; fileRef = 60CD8F472989E7120031B375 /* PSViewController.swift */; };
		60CE81AB2977618D009667C5 /* SelectServiceViewModel.swift in Sources */ = {isa = PBXBuildFile; fileRef = 60CE81AA2977618D009667C5 /* SelectServiceViewModel.swift */; };
		60CE81AD297761B7009667C5 /* SelectServiceViewModelProtocols.swift in Sources */ = {isa = PBXBuildFile; fileRef = 60CE81AC297761B7009667C5 /* SelectServiceViewModelProtocols.swift */; };
		60CE81B2297768C6009667C5 /* SelectServicesModel.swift in Sources */ = {isa = PBXBuildFile; fileRef = 60CE81B1297768C6009667C5 /* SelectServicesModel.swift */; };
		60CE81B529776FF0009667C5 /* SystemImageName.swift in Sources */ = {isa = PBXBuildFile; fileRef = 60CE81B429776FF0009667C5 /* SystemImageName.swift */; };
		60CE81BC29777EB1009667C5 /* SelectDateViewModelProtocols.swift in Sources */ = {isa = PBXBuildFile; fileRef = 60CE81BB29777EB1009667C5 /* SelectDateViewModelProtocols.swift */; };
		60CE81BE29777EC2009667C5 /* SelectDateViewModel.swift in Sources */ = {isa = PBXBuildFile; fileRef = 60CE81BD29777EC2009667C5 /* SelectDateViewModel.swift */; };
		60CE81C0297784D1009667C5 /* ServiceDateModel.swift in Sources */ = {isa = PBXBuildFile; fileRef = 60CE81BF297784D1009667C5 /* ServiceDateModel.swift */; };
		60CE81C329778B78009667C5 /* Date+Extension.swift in Sources */ = {isa = PBXBuildFile; fileRef = 60CE81C229778B78009667C5 /* Date+Extension.swift */; };
		60CF17FB2987024900340F3C /* PSTimer.swift in Sources */ = {isa = PBXBuildFile; fileRef = 60CF17FA2987024900340F3C /* PSTimer.swift */; };
/* End PBXBuildFile section */

/* Begin PBXFileReference section */
		3147C2FB29908D3A005D2EB5 /* AboutUs.swift */ = {isa = PBXFileReference; lastKnownFileType = sourcecode.swift; path = AboutUs.swift; sourceTree = "<group>"; };
		3147C2FE29908DB3005D2EB5 /* DefaultAboutUs.swift */ = {isa = PBXFileReference; lastKnownFileType = sourcecode.swift; path = DefaultAboutUs.swift; sourceTree = "<group>"; };
		3147C30029909186005D2EB5 /* HomeViewModelProviders.swift */ = {isa = PBXFileReference; lastKnownFileType = sourcecode.swift; path = HomeViewModelProviders.swift; sourceTree = "<group>"; };
		31966E2929993FAA00321A93 /* UNUserNotificationCenter+Extension.swift */ = {isa = PBXFileReference; lastKnownFileType = sourcecode.swift; path = "UNUserNotificationCenter+Extension.swift"; sourceTree = "<group>"; };
		31966E2B2999411800321A93 /* PushNotificationModel.swift */ = {isa = PBXFileReference; lastKnownFileType = sourcecode.swift; path = PushNotificationModel.swift; sourceTree = "<group>"; };
		3199A660299828CB002CFF91 /* LocalPushNotification.swift */ = {isa = PBXFileReference; lastKnownFileType = sourcecode.swift; path = LocalPushNotification.swift; sourceTree = "<group>"; };
		3199A66329982A0A002CFF91 /* PSLocalPushNotification.swift */ = {isa = PBXFileReference; lastKnownFileType = sourcecode.swift; path = PSLocalPushNotification.swift; sourceTree = "<group>"; };
		3199A66529982C90002CFF91 /* AppDelegate+UserNotifications.swift */ = {isa = PBXFileReference; lastKnownFileType = sourcecode.swift; path = "AppDelegate+UserNotifications.swift"; sourceTree = "<group>"; };
		4B15571B296B746C001C8C7F /* CustomImageView.swift */ = {isa = PBXFileReference; lastKnownFileType = sourcecode.swift; path = CustomImageView.swift; sourceTree = "<group>"; };
		4B15571D296B7B0D001C8C7F /* CustomButton.swift */ = {isa = PBXFileReference; lastKnownFileType = sourcecode.swift; path = CustomButton.swift; sourceTree = "<group>"; };
		4B20FF96295697DB0038955D /* PoliServiceViewModel.swift */ = {isa = PBXFileReference; lastKnownFileType = sourcecode.swift; path = PoliServiceViewModel.swift; sourceTree = "<group>"; };
		4B20FF98295697F20038955D /* PoliServiceKeys.swift */ = {isa = PBXFileReference; lastKnownFileType = sourcecode.swift; path = PoliServiceKeys.swift; sourceTree = "<group>"; };
		4B6F4B7F295783CE00D67D79 /* FoundationPSTimer.swift */ = {isa = PBXFileReference; lastKnownFileType = sourcecode.swift; path = FoundationPSTimer.swift; sourceTree = "<group>"; };
		4B7AE5A4296B42160060AD41 /* HomeView.swift */ = {isa = PBXFileReference; lastKnownFileType = sourcecode.swift; path = HomeView.swift; sourceTree = "<group>"; };
		4B7AE5AC296B46230060AD41 /* CustomLabel.swift */ = {isa = PBXFileReference; lastKnownFileType = sourcecode.swift; path = CustomLabel.swift; sourceTree = "<group>"; };
		4B94CE75296B4D7700144E87 /* DescriptionView.swift */ = {isa = PBXFileReference; lastKnownFileType = sourcecode.swift; path = DescriptionView.swift; sourceTree = "<group>"; };
		4B94CE78296B50C500144E87 /* UIColor+Extension.swift */ = {isa = PBXFileReference; lastKnownFileType = sourcecode.swift; path = "UIColor+Extension.swift"; sourceTree = "<group>"; };
		4B94CE7A296B52F700144E87 /* CustomDividerView.swift */ = {isa = PBXFileReference; lastKnownFileType = sourcecode.swift; path = CustomDividerView.swift; sourceTree = "<group>"; };
		4B94CE7C296B56B700144E87 /* LastServiceView.swift */ = {isa = PBXFileReference; lastKnownFileType = sourcecode.swift; path = LastServiceView.swift; sourceTree = "<group>"; };
		4BCB961C29565FF400B15A58 /* HomeViewModel.swift */ = {isa = PBXFileReference; lastKnownFileType = sourcecode.swift; path = HomeViewModel.swift; sourceTree = "<group>"; };
		4BCB961E2956602700B15A58 /* HomeViewModelProtocols.swift */ = {isa = PBXFileReference; lastKnownFileType = sourcecode.swift; path = HomeViewModelProtocols.swift; sourceTree = "<group>"; };
		4BF27F23296BA24E0097637D /* SelectDateView.swift */ = {isa = PBXFileReference; lastKnownFileType = sourcecode.swift; path = SelectDateView.swift; sourceTree = "<group>"; };
		4BF27F25296BA2A00097637D /* SelectServiceView.swift */ = {isa = PBXFileReference; lastKnownFileType = sourcecode.swift; path = SelectServiceView.swift; sourceTree = "<group>"; };
		4BF27F27296BA9ED0097637D /* ServiceCollectionViewCell.swift */ = {isa = PBXFileReference; lastKnownFileType = sourcecode.swift; path = ServiceCollectionViewCell.swift; sourceTree = "<group>"; };
		4C30F0A729391842002C3068 /* SelectDateViewController.swift */ = {isa = PBXFileReference; lastKnownFileType = sourcecode.swift; path = SelectDateViewController.swift; sourceTree = "<group>"; };
		4C55034129379F3600699589 /* PoliServices.app */ = {isa = PBXFileReference; explicitFileType = wrapper.application; includeInIndex = 0; path = PoliServices.app; sourceTree = BUILT_PRODUCTS_DIR; };
		4C55034429379F3600699589 /* AppDelegate.swift */ = {isa = PBXFileReference; lastKnownFileType = sourcecode.swift; path = AppDelegate.swift; sourceTree = "<group>"; };
		4C55034829379F3600699589 /* HomeViewController.swift */ = {isa = PBXFileReference; lastKnownFileType = sourcecode.swift; path = HomeViewController.swift; sourceTree = "<group>"; };
		4C55034D29379F3900699589 /* Assets.xcassets */ = {isa = PBXFileReference; lastKnownFileType = folder.assetcatalog; path = Assets.xcassets; sourceTree = "<group>"; };
		4C55035029379F3900699589 /* Base */ = {isa = PBXFileReference; lastKnownFileType = file.storyboard; name = Base; path = Base.lproj/LaunchScreen.storyboard; sourceTree = "<group>"; };
		4C55035229379F3900699589 /* Info.plist */ = {isa = PBXFileReference; lastKnownFileType = text.plist.xml; path = Info.plist; sourceTree = "<group>"; };
		4C5503582937D32A00699589 /* SelectPoliServiceViewController.swift */ = {isa = PBXFileReference; lastKnownFileType = sourcecode.swift; path = SelectPoliServiceViewController.swift; sourceTree = "<group>"; };
		601B78522985BFF300BFAA98 /* PSMonth.swift */ = {isa = PBXFileReference; lastKnownFileType = sourcecode.swift; path = PSMonth.swift; sourceTree = "<group>"; };
		601B78552985C4E900BFAA98 /* PoliServicesList.swift */ = {isa = PBXFileReference; lastKnownFileType = sourcecode.swift; path = PoliServicesList.swift; sourceTree = "<group>"; };
		601B78572985C5A800BFAA98 /* PSError.swift */ = {isa = PBXFileReference; lastKnownFileType = sourcecode.swift; path = PSError.swift; sourceTree = "<group>"; };
		601B785A2985C5F000BFAA98 /* RemotePoliServicesList.swift */ = {isa = PBXFileReference; lastKnownFileType = sourcecode.swift; path = RemotePoliServicesList.swift; sourceTree = "<group>"; };
		601B785C2985C84900BFAA98 /* HTTPGetClient.swift */ = {isa = PBXFileReference; lastKnownFileType = sourcecode.swift; path = HTTPGetClient.swift; sourceTree = "<group>"; };
		601B785F2985D10200BFAA98 /* URLSessionGetClient.swift */ = {isa = PBXFileReference; lastKnownFileType = sourcecode.swift; path = URLSessionGetClient.swift; sourceTree = "<group>"; };
		607487AB2981E04500009F02 /* CurrentDate.swift */ = {isa = PBXFileReference; lastKnownFileType = sourcecode.swift; path = CurrentDate.swift; sourceTree = "<group>"; };
		607487B02981E08900009F02 /* CurrentDateModel.swift */ = {isa = PBXFileReference; lastKnownFileType = sourcecode.swift; path = CurrentDateModel.swift; sourceTree = "<group>"; };
		607487B52981E1A000009F02 /* FoundationCurrentDate.swift */ = {isa = PBXFileReference; lastKnownFileType = sourcecode.swift; path = FoundationCurrentDate.swift; sourceTree = "<group>"; };
		607487BE2981ED7600009F02 /* PoliServiceModel.swift */ = {isa = PBXFileReference; lastKnownFileType = sourcecode.swift; path = PoliServiceModel.swift; sourceTree = "<group>"; };
		60CA622E297CA9BD0056C56E /* URLSessionRequestAdapter.swift */ = {isa = PBXFileReference; lastKnownFileType = sourcecode.swift; path = URLSessionRequestAdapter.swift; sourceTree = "<group>"; };
		60CA6232297CA9F80056C56E /* HTTPMethod.swift */ = {isa = PBXFileReference; lastKnownFileType = sourcecode.swift; path = HTTPMethod.swift; sourceTree = "<group>"; };
		60CA6236297CAAE80056C56E /* Data+Extension.swift */ = {isa = PBXFileReference; lastKnownFileType = sourcecode.swift; path = "Data+Extension.swift"; sourceTree = "<group>"; };
		60CD8F422989E3C40031B375 /* PSLoading.swift */ = {isa = PBXFileReference; lastKnownFileType = sourcecode.swift; path = PSLoading.swift; sourceTree = "<group>"; };
		60CD8F472989E7120031B375 /* PSViewController.swift */ = {isa = PBXFileReference; lastKnownFileType = sourcecode.swift; path = PSViewController.swift; sourceTree = "<group>"; };
		60CE81AA2977618D009667C5 /* SelectServiceViewModel.swift */ = {isa = PBXFileReference; lastKnownFileType = sourcecode.swift; path = SelectServiceViewModel.swift; sourceTree = "<group>"; };
		60CE81AC297761B7009667C5 /* SelectServiceViewModelProtocols.swift */ = {isa = PBXFileReference; lastKnownFileType = sourcecode.swift; path = SelectServiceViewModelProtocols.swift; sourceTree = "<group>"; };
		60CE81B1297768C6009667C5 /* SelectServicesModel.swift */ = {isa = PBXFileReference; lastKnownFileType = sourcecode.swift; path = SelectServicesModel.swift; sourceTree = "<group>"; };
		60CE81B429776FF0009667C5 /* SystemImageName.swift */ = {isa = PBXFileReference; lastKnownFileType = sourcecode.swift; path = SystemImageName.swift; sourceTree = "<group>"; };
		60CE81BB29777EB1009667C5 /* SelectDateViewModelProtocols.swift */ = {isa = PBXFileReference; lastKnownFileType = sourcecode.swift; path = SelectDateViewModelProtocols.swift; sourceTree = "<group>"; };
		60CE81BD29777EC2009667C5 /* SelectDateViewModel.swift */ = {isa = PBXFileReference; lastKnownFileType = sourcecode.swift; path = SelectDateViewModel.swift; sourceTree = "<group>"; };
		60CE81BF297784D1009667C5 /* ServiceDateModel.swift */ = {isa = PBXFileReference; lastKnownFileType = sourcecode.swift; path = ServiceDateModel.swift; sourceTree = "<group>"; };
		60CE81C229778B78009667C5 /* Date+Extension.swift */ = {isa = PBXFileReference; lastKnownFileType = sourcecode.swift; path = "Date+Extension.swift"; sourceTree = "<group>"; };
		60CF17FA2987024900340F3C /* PSTimer.swift */ = {isa = PBXFileReference; lastKnownFileType = sourcecode.swift; path = PSTimer.swift; sourceTree = "<group>"; };
/* End PBXFileReference section */

/* Begin PBXFrameworksBuildPhase section */
		4C55033E29379F3600699589 /* Frameworks */ = {
			isa = PBXFrameworksBuildPhase;
			buildActionMask = 2147483647;
			files = (
			);
			runOnlyForDeploymentPostprocessing = 0;
		};
/* End PBXFrameworksBuildPhase section */

/* Begin PBXGroup section */
		3147C2FA29908D27005D2EB5 /* AboutUs */ = {
			isa = PBXGroup;
			children = (
				3147C2FB29908D3A005D2EB5 /* AboutUs.swift */,
			);
			path = AboutUs;
			sourceTree = "<group>";
		};
		3147C2FD29908D9D005D2EB5 /* AboutUs */ = {
			isa = PBXGroup;
			children = (
				3147C2FE29908DB3005D2EB5 /* DefaultAboutUs.swift */,
			);
			path = AboutUs;
			sourceTree = "<group>";
		};
		3199A65F299828A6002CFF91 /* LocalPushNotification */ = {
			isa = PBXGroup;
			children = (
				3199A660299828CB002CFF91 /* LocalPushNotification.swift */,
				31966E2B2999411800321A93 /* PushNotificationModel.swift */,
			);
			path = LocalPushNotification;
			sourceTree = "<group>";
		};
		3199A662299829E3002CFF91 /* LocalPushNotification */ = {
			isa = PBXGroup;
			children = (
				3199A66329982A0A002CFF91 /* PSLocalPushNotification.swift */,
			);
			path = LocalPushNotification;
			sourceTree = "<group>";
		};
		4B6F4B7E295783BB00D67D79 /* PSTimer */ = {
			isa = PBXGroup;
			children = (
				4B6F4B7F295783CE00D67D79 /* FoundationPSTimer.swift */,
			);
			path = PSTimer;
			sourceTree = "<group>";
		};
		4B7AE5A6296B425C0060AD41 /* View */ = {
			isa = PBXGroup;
			children = (
				4C55034829379F3600699589 /* HomeViewController.swift */,
				4B7AE5A4296B42160060AD41 /* HomeView.swift */,
				4B94CE75296B4D7700144E87 /* DescriptionView.swift */,
				4B94CE7C296B56B700144E87 /* LastServiceView.swift */,
			);
			path = View;
			sourceTree = "<group>";
		};
		4B7AE5A7296B42660060AD41 /* ViewModel */ = {
			isa = PBXGroup;
			children = (
				4BCB961E2956602700B15A58 /* HomeViewModelProtocols.swift */,
				4BCB961C29565FF400B15A58 /* HomeViewModel.swift */,
			);
			path = ViewModel;
			sourceTree = "<group>";
		};
		4B7AE5A8296B42750060AD41 /* Models */ = {
			isa = PBXGroup;
			children = (
				3147C30029909186005D2EB5 /* HomeViewModelProviders.swift */,
				4B20FF96295697DB0038955D /* PoliServiceViewModel.swift */,
				4B20FF98295697F20038955D /* PoliServiceKeys.swift */,
			);
			path = Models;
			sourceTree = "<group>";
		};
		4B7AE5A9296B460B0060AD41 /* Infrastructure */ = {
			isa = PBXGroup;
			children = (
				60CE81C129778B5F009667C5 /* Extensions */,
				4B7AE5AA296B46130060AD41 /* DesignSystem */,
			);
			path = Infrastructure;
			sourceTree = "<group>";
		};
		4B7AE5AA296B46130060AD41 /* DesignSystem */ = {
			isa = PBXGroup;
			children = (
				60CE81B329776FE4009667C5 /* Images */,
				4B7AE5AB296B461A0060AD41 /* Components */,
			);
			path = DesignSystem;
			sourceTree = "<group>";
		};
		4B7AE5AB296B461A0060AD41 /* Components */ = {
			isa = PBXGroup;
			children = (
				4B7AE5AC296B46230060AD41 /* CustomLabel.swift */,
				4B94CE7A296B52F700144E87 /* CustomDividerView.swift */,
				4B15571B296B746C001C8C7F /* CustomImageView.swift */,
				4B15571D296B7B0D001C8C7F /* CustomButton.swift */,
				60CD8F422989E3C40031B375 /* PSLoading.swift */,
				60CD8F472989E7120031B375 /* PSViewController.swift */,
			);
			path = Components;
			sourceTree = "<group>";
		};
		4BCB961629565F2800B15A58 /* Scenes */ = {
			isa = PBXGroup;
			children = (
				4BCB961729565F3300B15A58 /* Home */,
				4BCB961A29565F8B00B15A58 /* SelectPoliService */,
				4BCB961929565F7A00B15A58 /* SelectDate */,
			);
			path = Scenes;
			sourceTree = "<group>";
		};
		4BCB961729565F3300B15A58 /* Home */ = {
			isa = PBXGroup;
			children = (
				4B7AE5A8296B42750060AD41 /* Models */,
				4B7AE5A6296B425C0060AD41 /* View */,
				4B7AE5A7296B42660060AD41 /* ViewModel */,
			);
			path = Home;
			sourceTree = "<group>";
		};
		4BCB961929565F7A00B15A58 /* SelectDate */ = {
			isa = PBXGroup;
			children = (
				60CE81BA29777E88009667C5 /* Model */,
				60CE81B929777E83009667C5 /* View */,
				60CE81B829777E7A009667C5 /* ViewModel */,
			);
			path = SelectDate;
			sourceTree = "<group>";
		};
		4BCB961A29565F8B00B15A58 /* SelectPoliService */ = {
			isa = PBXGroup;
			children = (
				60CE81B0297768BB009667C5 /* Models */,
				60CE81A829776155009667C5 /* View */,
				60CD8F442989E52F0031B375 /* ViewController */,
				60CE81A92977615E009667C5 /* ViewModel */,
			);
			path = SelectPoliService;
			sourceTree = "<group>";
		};
		4BCB961B29565FC400B15A58 /* AppDelegate */ = {
			isa = PBXGroup;
			children = (
				4C55034429379F3600699589 /* AppDelegate.swift */,
				3199A66529982C90002CFF91 /* AppDelegate+UserNotifications.swift */,
			);
			path = AppDelegate;
			sourceTree = "<group>";
		};
		4BCB96202956767900B15A58 /* CurrentDate */ = {
			isa = PBXGroup;
			children = (
				607487B52981E1A000009F02 /* FoundationCurrentDate.swift */,
			);
			path = CurrentDate;
			sourceTree = "<group>";
		};
		4C55033829379F3600699589 = {
			isa = PBXGroup;
			children = (
				4C55034329379F3600699589 /* PoliServices */,
				4C55034229379F3600699589 /* Products */,
			);
			sourceTree = "<group>";
		};
		4C55034229379F3600699589 /* Products */ = {
			isa = PBXGroup;
			children = (
				4C55034129379F3600699589 /* PoliServices.app */,
			);
			name = Products;
			sourceTree = "<group>";
		};
		4C55034329379F3600699589 /* PoliServices */ = {
			isa = PBXGroup;
			children = (
				601B784D2985BB7100BFAA98 /* Domain */,
				601B78512985BB9E00BFAA98 /* Data */,
				60CE81A7297760CB009667C5 /* App */,
				60CA6226297C8E370056C56E /* Network */,
				4B7AE5A9296B460B0060AD41 /* Infrastructure */,
				4C55035229379F3900699589 /* Info.plist */,
			);
			path = PoliServices;
			sourceTree = "<group>";
		};
		601B784D2985BB7100BFAA98 /* Domain */ = {
			isa = PBXGroup;
			children = (
				601B784E2985BB7700BFAA98 /* UseCases */,
				601B78502985BB8A00BFAA98 /* Models */,
			);
			path = Domain;
			sourceTree = "<group>";
		};
		601B784E2985BB7700BFAA98 /* UseCases */ = {
			isa = PBXGroup;
			children = (
				3199A65F299828A6002CFF91 /* LocalPushNotification */,
				601B784F2985BB7E00BFAA98 /* CurrentDate */,
				601B78542985C4DC00BFAA98 /* PoliServicesList */,
				60CF17F92987023700340F3C /* PSTimer */,
				3147C2FA29908D27005D2EB5 /* AboutUs */,
			);
			path = UseCases;
			sourceTree = "<group>";
		};
		601B784F2985BB7E00BFAA98 /* CurrentDate */ = {
			isa = PBXGroup;
			children = (
				607487AB2981E04500009F02 /* CurrentDate.swift */,
			);
			path = CurrentDate;
			sourceTree = "<group>";
		};
		601B78502985BB8A00BFAA98 /* Models */ = {
			isa = PBXGroup;
			children = (
				607487B02981E08900009F02 /* CurrentDateModel.swift */,
				607487BE2981ED7600009F02 /* PoliServiceModel.swift */,
				601B78522985BFF300BFAA98 /* PSMonth.swift */,
				601B78572985C5A800BFAA98 /* PSError.swift */,
			);
			path = Models;
			sourceTree = "<group>";
		};
		601B78512985BB9E00BFAA98 /* Data */ = {
			isa = PBXGroup;
			children = (
				3199A662299829E3002CFF91 /* LocalPushNotification */,
				4BCB96202956767900B15A58 /* CurrentDate */,
				601B78592985C5DE00BFAA98 /* PoliServicesList */,
				4B6F4B7E295783BB00D67D79 /* PSTimer */,
				3147C2FD29908D9D005D2EB5 /* AboutUs */,
			);
			path = Data;
			sourceTree = "<group>";
		};
		601B78542985C4DC00BFAA98 /* PoliServicesList */ = {
			isa = PBXGroup;
			children = (
				601B78552985C4E900BFAA98 /* PoliServicesList.swift */,
			);
			path = PoliServicesList;
			sourceTree = "<group>";
		};
		601B78592985C5DE00BFAA98 /* PoliServicesList */ = {
			isa = PBXGroup;
			children = (
				601B785A2985C5F000BFAA98 /* RemotePoliServicesList.swift */,
			);
			path = PoliServicesList;
			sourceTree = "<group>";
		};
		601B785E2985D0FB00BFAA98 /* URLSession */ = {
			isa = PBXGroup;
			children = (
				601B785F2985D10200BFAA98 /* URLSessionGetClient.swift */,
				60CA622E297CA9BD0056C56E /* URLSessionRequestAdapter.swift */,
			);
			path = URLSession;
			sourceTree = "<group>";
		};
		60CA6226297C8E370056C56E /* Network */ = {
			isa = PBXGroup;
			children = (
				601B785C2985C84900BFAA98 /* HTTPGetClient.swift */,
				60CA6232297CA9F80056C56E /* HTTPMethod.swift */,
				601B785E2985D0FB00BFAA98 /* URLSession */,
			);
			path = Network;
			sourceTree = "<group>";
		};
		60CD8F442989E52F0031B375 /* ViewController */ = {
			isa = PBXGroup;
			children = (
				4C5503582937D32A00699589 /* SelectPoliServiceViewController.swift */,
			);
			path = ViewController;
			sourceTree = "<group>";
		};
		60CE81A7297760CB009667C5 /* App */ = {
			isa = PBXGroup;
			children = (
				4BCB961B29565FC400B15A58 /* AppDelegate */,
				4BCB961629565F2800B15A58 /* Scenes */,
				4C55034D29379F3900699589 /* Assets.xcassets */,
				4C55034F29379F3900699589 /* LaunchScreen.storyboard */,
			);
			path = App;
			sourceTree = "<group>";
		};
		60CE81A829776155009667C5 /* View */ = {
			isa = PBXGroup;
			children = (
				4BF27F25296BA2A00097637D /* SelectServiceView.swift */,
				4BF27F27296BA9ED0097637D /* ServiceCollectionViewCell.swift */,
			);
			path = View;
			sourceTree = "<group>";
		};
		60CE81A92977615E009667C5 /* ViewModel */ = {
			isa = PBXGroup;
			children = (
				60CE81AA2977618D009667C5 /* SelectServiceViewModel.swift */,
				60CE81AC297761B7009667C5 /* SelectServiceViewModelProtocols.swift */,
			);
			path = ViewModel;
			sourceTree = "<group>";
		};
		60CE81B0297768BB009667C5 /* Models */ = {
			isa = PBXGroup;
			children = (
				60CE81B1297768C6009667C5 /* SelectServicesModel.swift */,
			);
			path = Models;
			sourceTree = "<group>";
		};
		60CE81B329776FE4009667C5 /* Images */ = {
			isa = PBXGroup;
			children = (
				60CE81B429776FF0009667C5 /* SystemImageName.swift */,
			);
			path = Images;
			sourceTree = "<group>";
		};
		60CE81B829777E7A009667C5 /* ViewModel */ = {
			isa = PBXGroup;
			children = (
				60CE81BB29777EB1009667C5 /* SelectDateViewModelProtocols.swift */,
				60CE81BD29777EC2009667C5 /* SelectDateViewModel.swift */,
			);
			path = ViewModel;
			sourceTree = "<group>";
		};
		60CE81B929777E83009667C5 /* View */ = {
			isa = PBXGroup;
			children = (
				4C30F0A729391842002C3068 /* SelectDateViewController.swift */,
				4BF27F23296BA24E0097637D /* SelectDateView.swift */,
			);
			path = View;
			sourceTree = "<group>";
		};
		60CE81BA29777E88009667C5 /* Model */ = {
			isa = PBXGroup;
			children = (
				60CE81BF297784D1009667C5 /* ServiceDateModel.swift */,
			);
			path = Model;
			sourceTree = "<group>";
		};
		60CE81C129778B5F009667C5 /* Extensions */ = {
			isa = PBXGroup;
			children = (
				60CA6236297CAAE80056C56E /* Data+Extension.swift */,
				60CE81C229778B78009667C5 /* Date+Extension.swift */,
				4B94CE78296B50C500144E87 /* UIColor+Extension.swift */,
				31966E2929993FAA00321A93 /* UNUserNotificationCenter+Extension.swift */,
			);
			path = Extensions;
			sourceTree = "<group>";
		};
		60CF17F92987023700340F3C /* PSTimer */ = {
			isa = PBXGroup;
			children = (
				60CF17FA2987024900340F3C /* PSTimer.swift */,
			);
			path = PSTimer;
			sourceTree = "<group>";
		};
/* End PBXGroup section */

/* Begin PBXNativeTarget section */
		4C55034029379F3600699589 /* PoliServices */ = {
			isa = PBXNativeTarget;
			buildConfigurationList = 4C55035529379F3900699589 /* Build configuration list for PBXNativeTarget "PoliServices" */;
			buildPhases = (
				4C55033D29379F3600699589 /* Sources */,
				4C55033E29379F3600699589 /* Frameworks */,
				4C55033F29379F3600699589 /* Resources */,
			);
			buildRules = (
			);
			dependencies = (
			);
			name = PoliServices;
			productName = PoliServices;
			productReference = 4C55034129379F3600699589 /* PoliServices.app */;
			productType = "com.apple.product-type.application";
		};
/* End PBXNativeTarget section */

/* Begin PBXProject section */
		4C55033929379F3600699589 /* Project object */ = {
			isa = PBXProject;
			attributes = {
				BuildIndependentTargetsInParallel = 1;
				LastSwiftUpdateCheck = 1330;
				LastUpgradeCheck = 1330;
				TargetAttributes = {
					4C55034029379F3600699589 = {
						CreatedOnToolsVersion = 13.3;
						LastSwiftMigration = 1410;
					};
				};
			};
			buildConfigurationList = 4C55033C29379F3600699589 /* Build configuration list for PBXProject "PoliServices" */;
			compatibilityVersion = "Xcode 13.0";
			developmentRegion = en;
			hasScannedForEncodings = 0;
			knownRegions = (
				en,
				Base,
			);
			mainGroup = 4C55033829379F3600699589;
			productRefGroup = 4C55034229379F3600699589 /* Products */;
			projectDirPath = "";
			projectRoot = "";
			targets = (
				4C55034029379F3600699589 /* PoliServices */,
			);
		};
/* End PBXProject section */

/* Begin PBXResourcesBuildPhase section */
		4C55033F29379F3600699589 /* Resources */ = {
			isa = PBXResourcesBuildPhase;
			buildActionMask = 2147483647;
			files = (
				4C55035129379F3900699589 /* LaunchScreen.storyboard in Resources */,
				4C55034E29379F3900699589 /* Assets.xcassets in Resources */,
			);
			runOnlyForDeploymentPostprocessing = 0;
		};
/* End PBXResourcesBuildPhase section */

/* Begin PBXSourcesBuildPhase section */
		4C55033D29379F3600699589 /* Sources */ = {
			isa = PBXSourcesBuildPhase;
			buildActionMask = 2147483647;
			files = (
				60CA6233297CA9F80056C56E /* HTTPMethod.swift in Sources */,
				601B785D2985C84900BFAA98 /* HTTPGetClient.swift in Sources */,
				4BF27F24296BA24E0097637D /* SelectDateView.swift in Sources */,
				3147C2FC29908D3A005D2EB5 /* AboutUs.swift in Sources */,
				60CE81BE29777EC2009667C5 /* SelectDateViewModel.swift in Sources */,
				601B785B2985C5F000BFAA98 /* RemotePoliServicesList.swift in Sources */,
				3199A66629982C90002CFF91 /* AppDelegate+UserNotifications.swift in Sources */,
				60CE81B2297768C6009667C5 /* SelectServicesModel.swift in Sources */,
				4B6F4B80295783CE00D67D79 /* FoundationPSTimer.swift in Sources */,
				4B7AE5AD296B46230060AD41 /* CustomLabel.swift in Sources */,
				4B7AE5A5296B42160060AD41 /* HomeView.swift in Sources */,
				60CE81AB2977618D009667C5 /* SelectServiceViewModel.swift in Sources */,
				607487B12981E08900009F02 /* CurrentDateModel.swift in Sources */,
				4C30F0A829391842002C3068 /* SelectDateViewController.swift in Sources */,
				4BCB961F2956602700B15A58 /* HomeViewModelProtocols.swift in Sources */,
				60CE81C0297784D1009667C5 /* ServiceDateModel.swift in Sources */,
				60CE81C329778B78009667C5 /* Date+Extension.swift in Sources */,
				4BCB961D29565FF400B15A58 /* HomeViewModel.swift in Sources */,
				60CE81B529776FF0009667C5 /* SystemImageName.swift in Sources */,
				60CD8F482989E7120031B375 /* PSViewController.swift in Sources */,
				4C55034929379F3600699589 /* HomeViewController.swift in Sources */,
				4B20FF97295697DB0038955D /* PoliServiceViewModel.swift in Sources */,
				4BF27F28296BA9ED0097637D /* ServiceCollectionViewCell.swift in Sources */,
				60CA6237297CAAE80056C56E /* Data+Extension.swift in Sources */,
				601B78602985D10200BFAA98 /* URLSessionGetClient.swift in Sources */,
				4B15571C296B746C001C8C7F /* CustomImageView.swift in Sources */,
				4B94CE79296B50C500144E87 /* UIColor+Extension.swift in Sources */,
				607487B62981E1A000009F02 /* FoundationCurrentDate.swift in Sources */,
				3147C2FF29908DB3005D2EB5 /* DefaultAboutUs.swift in Sources */,
				4B15571E296B7B0D001C8C7F /* CustomButton.swift in Sources */,
				60CE81BC29777EB1009667C5 /* SelectDateViewModelProtocols.swift in Sources */,
				60CA622F297CA9BD0056C56E /* URLSessionRequestAdapter.swift in Sources */,
				601B78562985C4E900BFAA98 /* PoliServicesList.swift in Sources */,
				4B94CE7D296B56B700144E87 /* LastServiceView.swift in Sources */,
				601B78582985C5A800BFAA98 /* PSError.swift in Sources */,
				31966E2A29993FAA00321A93 /* UNUserNotificationCenter+Extension.swift in Sources */,
				4B94CE7B296B52F700144E87 /* CustomDividerView.swift in Sources */,
				60CF17FB2987024900340F3C /* PSTimer.swift in Sources */,
				31966E2C2999411800321A93 /* PushNotificationModel.swift in Sources */,
				4C55034529379F3600699589 /* AppDelegate.swift in Sources */,
				607487BF2981ED7600009F02 /* PoliServiceModel.swift in Sources */,
				4BF27F26296BA2A00097637D /* SelectServiceView.swift in Sources */,
				4C5503592937D32A00699589 /* SelectPoliServiceViewController.swift in Sources */,
				3199A661299828CB002CFF91 /* LocalPushNotification.swift in Sources */,
				607487AC2981E04500009F02 /* CurrentDate.swift in Sources */,
				60CD8F432989E3C40031B375 /* PSLoading.swift in Sources */,
				601B78532985BFF300BFAA98 /* PSMonth.swift in Sources */,
				4B20FF99295697F20038955D /* PoliServiceKeys.swift in Sources */,
				3147C30129909186005D2EB5 /* HomeViewModelProviders.swift in Sources */,
				3199A66429982A0A002CFF91 /* PSLocalPushNotification.swift in Sources */,
				4B94CE76296B4D7700144E87 /* DescriptionView.swift in Sources */,
				60CE81AD297761B7009667C5 /* SelectServiceViewModelProtocols.swift in Sources */,
			);
			runOnlyForDeploymentPostprocessing = 0;
		};
/* End PBXSourcesBuildPhase section */

/* Begin PBXVariantGroup section */
		4C55034F29379F3900699589 /* LaunchScreen.storyboard */ = {
			isa = PBXVariantGroup;
			children = (
				4C55035029379F3900699589 /* Base */,
			);
			name = LaunchScreen.storyboard;
			sourceTree = "<group>";
		};
/* End PBXVariantGroup section */

/* Begin XCBuildConfiguration section */
		4C55035329379F3900699589 /* Debug */ = {
			isa = XCBuildConfiguration;
			buildSettings = {
				ALWAYS_SEARCH_USER_PATHS = NO;
				CLANG_ANALYZER_NONNULL = YES;
				CLANG_ANALYZER_NUMBER_OBJECT_CONVERSION = YES_AGGRESSIVE;
				CLANG_CXX_LANGUAGE_STANDARD = "gnu++17";
				CLANG_ENABLE_MODULES = YES;
				CLANG_ENABLE_OBJC_ARC = YES;
				CLANG_ENABLE_OBJC_WEAK = YES;
				CLANG_WARN_BLOCK_CAPTURE_AUTORELEASING = YES;
				CLANG_WARN_BOOL_CONVERSION = YES;
				CLANG_WARN_COMMA = YES;
				CLANG_WARN_CONSTANT_CONVERSION = YES;
				CLANG_WARN_DEPRECATED_OBJC_IMPLEMENTATIONS = YES;
				CLANG_WARN_DIRECT_OBJC_ISA_USAGE = YES_ERROR;
				CLANG_WARN_DOCUMENTATION_COMMENTS = YES;
				CLANG_WARN_EMPTY_BODY = YES;
				CLANG_WARN_ENUM_CONVERSION = YES;
				CLANG_WARN_INFINITE_RECURSION = YES;
				CLANG_WARN_INT_CONVERSION = YES;
				CLANG_WARN_NON_LITERAL_NULL_CONVERSION = YES;
				CLANG_WARN_OBJC_IMPLICIT_RETAIN_SELF = YES;
				CLANG_WARN_OBJC_LITERAL_CONVERSION = YES;
				CLANG_WARN_OBJC_ROOT_CLASS = YES_ERROR;
				CLANG_WARN_QUOTED_INCLUDE_IN_FRAMEWORK_HEADER = YES;
				CLANG_WARN_RANGE_LOOP_ANALYSIS = YES;
				CLANG_WARN_STRICT_PROTOTYPES = YES;
				CLANG_WARN_SUSPICIOUS_MOVE = YES;
				CLANG_WARN_UNGUARDED_AVAILABILITY = YES_AGGRESSIVE;
				CLANG_WARN_UNREACHABLE_CODE = YES;
				CLANG_WARN__DUPLICATE_METHOD_MATCH = YES;
				COPY_PHASE_STRIP = NO;
				DEBUG_INFORMATION_FORMAT = dwarf;
				ENABLE_STRICT_OBJC_MSGSEND = YES;
				ENABLE_TESTABILITY = YES;
				GCC_C_LANGUAGE_STANDARD = gnu11;
				GCC_DYNAMIC_NO_PIC = NO;
				GCC_NO_COMMON_BLOCKS = YES;
				GCC_OPTIMIZATION_LEVEL = 0;
				GCC_PREPROCESSOR_DEFINITIONS = (
					"DEBUG=1",
					"$(inherited)",
				);
				GCC_WARN_64_TO_32_BIT_CONVERSION = YES;
				GCC_WARN_ABOUT_RETURN_TYPE = YES_ERROR;
				GCC_WARN_UNDECLARED_SELECTOR = YES;
				GCC_WARN_UNINITIALIZED_AUTOS = YES_AGGRESSIVE;
				GCC_WARN_UNUSED_FUNCTION = YES;
				GCC_WARN_UNUSED_VARIABLE = YES;
				IPHONEOS_DEPLOYMENT_TARGET = 15.4;
				MTL_ENABLE_DEBUG_INFO = INCLUDE_SOURCE;
				MTL_FAST_MATH = YES;
				ONLY_ACTIVE_ARCH = YES;
				SDKROOT = iphoneos;
				SWIFT_ACTIVE_COMPILATION_CONDITIONS = DEBUG;
				SWIFT_OPTIMIZATION_LEVEL = "-Onone";
			};
			name = Debug;
		};
		4C55035429379F3900699589 /* Release */ = {
			isa = XCBuildConfiguration;
			buildSettings = {
				ALWAYS_SEARCH_USER_PATHS = NO;
				CLANG_ANALYZER_NONNULL = YES;
				CLANG_ANALYZER_NUMBER_OBJECT_CONVERSION = YES_AGGRESSIVE;
				CLANG_CXX_LANGUAGE_STANDARD = "gnu++17";
				CLANG_ENABLE_MODULES = YES;
				CLANG_ENABLE_OBJC_ARC = YES;
				CLANG_ENABLE_OBJC_WEAK = YES;
				CLANG_WARN_BLOCK_CAPTURE_AUTORELEASING = YES;
				CLANG_WARN_BOOL_CONVERSION = YES;
				CLANG_WARN_COMMA = YES;
				CLANG_WARN_CONSTANT_CONVERSION = YES;
				CLANG_WARN_DEPRECATED_OBJC_IMPLEMENTATIONS = YES;
				CLANG_WARN_DIRECT_OBJC_ISA_USAGE = YES_ERROR;
				CLANG_WARN_DOCUMENTATION_COMMENTS = YES;
				CLANG_WARN_EMPTY_BODY = YES;
				CLANG_WARN_ENUM_CONVERSION = YES;
				CLANG_WARN_INFINITE_RECURSION = YES;
				CLANG_WARN_INT_CONVERSION = YES;
				CLANG_WARN_NON_LITERAL_NULL_CONVERSION = YES;
				CLANG_WARN_OBJC_IMPLICIT_RETAIN_SELF = YES;
				CLANG_WARN_OBJC_LITERAL_CONVERSION = YES;
				CLANG_WARN_OBJC_ROOT_CLASS = YES_ERROR;
				CLANG_WARN_QUOTED_INCLUDE_IN_FRAMEWORK_HEADER = YES;
				CLANG_WARN_RANGE_LOOP_ANALYSIS = YES;
				CLANG_WARN_STRICT_PROTOTYPES = YES;
				CLANG_WARN_SUSPICIOUS_MOVE = YES;
				CLANG_WARN_UNGUARDED_AVAILABILITY = YES_AGGRESSIVE;
				CLANG_WARN_UNREACHABLE_CODE = YES;
				CLANG_WARN__DUPLICATE_METHOD_MATCH = YES;
				COPY_PHASE_STRIP = NO;
				DEBUG_INFORMATION_FORMAT = "dwarf-with-dsym";
				ENABLE_NS_ASSERTIONS = NO;
				ENABLE_STRICT_OBJC_MSGSEND = YES;
				GCC_C_LANGUAGE_STANDARD = gnu11;
				GCC_NO_COMMON_BLOCKS = YES;
				GCC_WARN_64_TO_32_BIT_CONVERSION = YES;
				GCC_WARN_ABOUT_RETURN_TYPE = YES_ERROR;
				GCC_WARN_UNDECLARED_SELECTOR = YES;
				GCC_WARN_UNINITIALIZED_AUTOS = YES_AGGRESSIVE;
				GCC_WARN_UNUSED_FUNCTION = YES;
				GCC_WARN_UNUSED_VARIABLE = YES;
				IPHONEOS_DEPLOYMENT_TARGET = 15.4;
				MTL_ENABLE_DEBUG_INFO = NO;
				MTL_FAST_MATH = YES;
				SDKROOT = iphoneos;
				SWIFT_COMPILATION_MODE = wholemodule;
				SWIFT_OPTIMIZATION_LEVEL = "-O";
				VALIDATE_PRODUCT = YES;
			};
			name = Release;
		};
		4C55035629379F3900699589 /* Debug */ = {
			isa = XCBuildConfiguration;
			buildSettings = {
				ASSETCATALOG_COMPILER_APPICON_NAME = AppIcon;
				ASSETCATALOG_COMPILER_GLOBAL_ACCENT_COLOR_NAME = AccentColor;
				CLANG_ENABLE_MODULES = YES;
				CODE_SIGN_STYLE = Automatic;
				CURRENT_PROJECT_VERSION = 1;
				DEVELOPMENT_TEAM = BF2YF4NNR9;
				GENERATE_INFOPLIST_FILE = YES;
				INFOPLIST_FILE = PoliServices/Info.plist;
				INFOPLIST_KEY_CFBundleDisplayName = "Poli Services";
				INFOPLIST_KEY_UIApplicationSupportsIndirectInputEvents = YES;
				INFOPLIST_KEY_UILaunchStoryboardName = LaunchScreen.storyboard;
				INFOPLIST_KEY_UIStatusBarStyle = UIStatusBarStyleLightContent;
				INFOPLIST_KEY_UISupportedInterfaceOrientations = UIInterfaceOrientationPortrait;
				INFOPLIST_KEY_UIUserInterfaceStyle = Light;
				IPHONEOS_DEPLOYMENT_TARGET = 12.4;
				LD_RUNPATH_SEARCH_PATHS = (
					"$(inherited)",
					"@executable_path/Frameworks",
				);
				MARKETING_VERSION = 1.0;
				PRODUCT_BUNDLE_IDENTIFIER = com.devpoli.PoliServices;
				PRODUCT_NAME = "$(TARGET_NAME)";
				SWIFT_EMIT_LOC_STRINGS = YES;
				SWIFT_OBJC_BRIDGING_HEADER = "";
				SWIFT_OPTIMIZATION_LEVEL = "-Onone";
				SWIFT_VERSION = 5.0;
				TARGETED_DEVICE_FAMILY = "1,2";
			};
			name = Debug;
		};
		4C55035729379F3900699589 /* Release */ = {
			isa = XCBuildConfiguration;
			buildSettings = {
				ASSETCATALOG_COMPILER_APPICON_NAME = AppIcon;
				ASSETCATALOG_COMPILER_GLOBAL_ACCENT_COLOR_NAME = AccentColor;
				CLANG_ENABLE_MODULES = YES;
				CODE_SIGN_STYLE = Automatic;
				CURRENT_PROJECT_VERSION = 1;
				DEVELOPMENT_TEAM = BF2YF4NNR9;
				GENERATE_INFOPLIST_FILE = YES;
				INFOPLIST_FILE = PoliServices/Info.plist;
				INFOPLIST_KEY_CFBundleDisplayName = "Poli Services";
				INFOPLIST_KEY_UIApplicationSupportsIndirectInputEvents = YES;
				INFOPLIST_KEY_UILaunchStoryboardName = LaunchScreen.storyboard;
				INFOPLIST_KEY_UIStatusBarStyle = UIStatusBarStyleLightContent;
				INFOPLIST_KEY_UISupportedInterfaceOrientations = UIInterfaceOrientationPortrait;
				INFOPLIST_KEY_UIUserInterfaceStyle = Light;
				IPHONEOS_DEPLOYMENT_TARGET = 12.4;
				LD_RUNPATH_SEARCH_PATHS = (
					"$(inherited)",
					"@executable_path/Frameworks",
				);
				MARKETING_VERSION = 1.0;
				PRODUCT_BUNDLE_IDENTIFIER = com.devpoli.PoliServices;
				PRODUCT_NAME = "$(TARGET_NAME)";
				SWIFT_EMIT_LOC_STRINGS = YES;
				SWIFT_OBJC_BRIDGING_HEADER = "";
				SWIFT_VERSION = 5.0;
				TARGETED_DEVICE_FAMILY = "1,2";
			};
			name = Release;
		};
/* End XCBuildConfiguration section */

/* Begin XCConfigurationList section */
		4C55033C29379F3600699589 /* Build configuration list for PBXProject "PoliServices" */ = {
			isa = XCConfigurationList;
			buildConfigurations = (
				4C55035329379F3900699589 /* Debug */,
				4C55035429379F3900699589 /* Release */,
			);
			defaultConfigurationIsVisible = 0;
			defaultConfigurationName = Release;
		};
		4C55035529379F3900699589 /* Build configuration list for PBXNativeTarget "PoliServices" */ = {
			isa = XCConfigurationList;
			buildConfigurations = (
				4C55035629379F3900699589 /* Debug */,
				4C55035729379F3900699589 /* Release */,
			);
			defaultConfigurationIsVisible = 0;
			defaultConfigurationName = Release;
		};
/* End XCConfigurationList section */
	};
	rootObject = 4C55033929379F3600699589 /* Project object */;
}
